schema: '2.0'
stages:
  train:
    cmd: python src/train.py
    deps:
    - path: config/conf.json
      hash: md5
      md5: 699430fcf839617d1b6f1bcf8ae22b68
      size: 472
    - path: config/params.yaml
      hash: md5
      md5: 6821e1085c946f09a8d8da6d151ede21
      size: 211
    - path: data/telecom_churn/raw/telecom_churn.csv
      hash: md5
      md5: 3b0bfab28a8101b4e4fdd08025a5c235
      size: 970457
    - path: src/data_loader.py
      hash: md5
      md5: 23ed34e716c116503907d72bede7c842
      size: 3369
    - path: src/train.py
      hash: md5
      md5: 6f2f14dd05e3259d50594ac256f1aa45
      size: 2504
    params:
      config/params.yaml:
        data:
          path: data/telecom_churn/raw/telecom_churn.csv
          test_size: 0.2
          random_state: 42
        model:
          n_estimators: 100
          max_depth: 10
          random_state: 42
    outs:
    - path: data/telecom_churn/processed
      hash: md5
      md5: dcd58e516945ad27bad802b51c80ac83.dir
      size: 884330
      nfiles: 4
    - path: models/model.pkl
      hash: md5
      md5: dc4268bf878214d034983dd4e6f65496
      size: 5698145
    - path: models/transformations.pkl
      hash: md5
      md5: 670b2aad9f276e96d2a770dd86e181b2
      size: 1729
  validate:
    cmd: python src/validate.py
    deps:
    - path: data/telecom_churn/processed
      hash: md5
      md5: dcd58e516945ad27bad802b51c80ac83.dir
      size: 884330
      nfiles: 4
    - path: models/model.pkl
      hash: md5
      md5: dc4268bf878214d034983dd4e6f65496
      size: 5698145
    - path: src/data_loader.py
      hash: md5
      md5: 23ed34e716c116503907d72bede7c842
      size: 3369
    - path: src/validate.py
      hash: md5
      md5: 75990132e2fd3a5dc19f38769ee7e3d2
      size: 5260
    params:
      config/params.yaml:
        validation_data:
          path: data/telecom_churn/processed
    outs:
    - path: reports/metrics.json
      hash: md5
      md5: 6d9d168fcb67f55082ecb5f512fafb46
      size: 259
    - path: reports/metrics.md
      hash: md5
      md5: f31d47dfe6b91bc93fcdb7d846f8b844
      size: 281
